// !$*UTF8*$!
{
	archiveVersion = 1;
	classes = {
	};
	objectVersion = 46;
	objects = {

/* Begin PBXBuildFile section */
		363F27ED2740F7C975B08D14 /* libPods-SpeechRecognitionServerExample.a in Frameworks */ = {isa = PBXBuildFile; fileRef = D3FADB0B1889AA1F252B0827 /* libPods-SpeechRecognitionServerExample.a */; };
		744057EA1AB005E900D4462E /* main.m in Sources */ = {isa = PBXBuildFile; fileRef = 744057E91AB005E900D4462E /* main.m */; };
		744057ED1AB005E900D4462E /* AppDelegate.m in Sources */ = {isa = PBXBuildFile; fileRef = 744057EC1AB005E900D4462E /* AppDelegate.m */; };
		744057F01AB005E900D4462E /* ViewController.mm in Sources */ = {isa = PBXBuildFile; fileRef = 744057EF1AB005E900D4462E /* ViewController.mm */; };
		744057F31AB005E900D4462E /* Main.storyboard in Resources */ = {isa = PBXBuildFile; fileRef = 744057F11AB005E900D4462E /* Main.storyboard */; };
		744057F51AB005E900D4462E /* Images.xcassets in Resources */ = {isa = PBXBuildFile; fileRef = 744057F41AB005E900D4462E /* Images.xcassets */; };
		744057F81AB005E900D4462E /* LaunchScreen.xib in Resources */ = {isa = PBXBuildFile; fileRef = 744057F61AB005E900D4462E /* LaunchScreen.xib */; };
		745A3B4F1ABCBB4700F8191B /* batman.wav in Resources */ = {isa = PBXBuildFile; fileRef = 745A3B4E1ABCBB4700F8191B /* batman.wav */; };
		745A3B511ABCBB6000F8191B /* whatstheweatherlike.wav in Resources */ = {isa = PBXBuildFile; fileRef = 745A3B501ABCBB6000F8191B /* whatstheweatherlike.wav */; };
		749D10BE1ABA248D00903F55 /* AVFoundation.framework in Frameworks */ = {isa = PBXBuildFile; fileRef = 749D10BC1ABA248D00903F55 /* AVFoundation.framework */; };
		D403D27E1D42380E0044788B /* bubble-final.jpeg in Resources */ = {isa = PBXBuildFile; fileRef = D403D27D1D42380E0044788B /* bubble-final.jpeg */; };
		D403D2801D4239110044788B /* bubble-original.png in Resources */ = {isa = PBXBuildFile; fileRef = D403D27F1D4239110044788B /* bubble-original.png */; };
		D403D2821D423A090044788B /* bubble-new.png in Resources */ = {isa = PBXBuildFile; fileRef = D403D2811D423A090044788B /* bubble-new.png */; };
		D403D2841D42450B0044788B /* bubble-medium.svg in Resources */ = {isa = PBXBuildFile; fileRef = D403D2831D42450B0044788B /* bubble-medium.svg */; };
		D403D2861D4245830044788B /* bubble-3d.png in Resources */ = {isa = PBXBuildFile; fileRef = D403D2851D4245830044788B /* bubble-3d.png */; };
		D403D2881D441E780044788B /* TODO in Resources */ = {isa = PBXBuildFile; fileRef = D403D2871D441E780044788B /* TODO */; };
		D403D28A1D442D030044788B /* ReadMe in Resources */ = {isa = PBXBuildFile; fileRef = D403D2891D442D030044788B /* ReadMe */; };
		D420127C1D3BA83F00ABD6A5 /* ImageIO.framework in Frameworks */ = {isa = PBXBuildFile; fileRef = D420127B1D3BA83F00ABD6A5 /* ImageIO.framework */; };
		D420127E1D3BA84600ABD6A5 /* QuartzCore.framework in Frameworks */ = {isa = PBXBuildFile; fileRef = D420127D1D3BA84600ABD6A5 /* QuartzCore.framework */; };
		D42012801D3BA84F00ABD6A5 /* CoreMedia.framework in Frameworks */ = {isa = PBXBuildFile; fileRef = D420127F1D3BA84F00ABD6A5 /* CoreMedia.framework */; };
		D42012821D3BA85500ABD6A5 /* CoreGraphics.framework in Frameworks */ = {isa = PBXBuildFile; fileRef = D42012811D3BA85500ABD6A5 /* CoreGraphics.framework */; };
		D42012841D3BA85D00ABD6A5 /* CoreImage.framework in Frameworks */ = {isa = PBXBuildFile; fileRef = D42012831D3BA85D00ABD6A5 /* CoreImage.framework */; };
		D42012861D3BA86900ABD6A5 /* CoreVideo.framework in Frameworks */ = {isa = PBXBuildFile; fileRef = D42012851D3BA86900ABD6A5 /* CoreVideo.framework */; };
		D42012881D3BA86F00ABD6A5 /* UIKit.framework in Frameworks */ = {isa = PBXBuildFile; fileRef = D42012871D3BA86F00ABD6A5 /* UIKit.framework */; };
		D420128A1D3BA87700ABD6A5 /* Foundation.framework in Frameworks */ = {isa = PBXBuildFile; fileRef = D42012891D3BA87700ABD6A5 /* Foundation.framework */; };
		D420128C1D3BAFD000ABD6A5 /* border.png in Resources */ = {isa = PBXBuildFile; fileRef = D420128B1D3BAFD000ABD6A5 /* border.png */; };
		D420128E1D3BBBAB00ABD6A5 /* bubble.png in Resources */ = {isa = PBXBuildFile; fileRef = D420128D1D3BBBAB00ABD6A5 /* bubble.png */; };
		D81A93251D3ADF4200420790 /* libFGTranslator.a in Frameworks */ = {isa = PBXBuildFile; fileRef = D81A93241D3ADF4200420790 /* libFGTranslator.a */; };
		D81A93271D3ADF4A00420790 /* libAFNetworking.a in Frameworks */ = {isa = PBXBuildFile; fileRef = D81A93261D3ADF4A00420790 /* libAFNetworking.a */; };
		D81A93291D3ADF5000420790 /* libPINCache.a in Frameworks */ = {isa = PBXBuildFile; fileRef = D81A93281D3ADF5000420790 /* libPINCache.a */; };
		E77379441ACB3E23000521FF /* AudioToolbox.framework in Frameworks */ = {isa = PBXBuildFile; fileRef = 749D10C01ABA24A700903F55 /* AudioToolbox.framework */; };
		E7A9B7CA1AD304AE001FDBEA /* SpeechSDK.framework in Frameworks */ = {isa = PBXBuildFile; fileRef = E7A9B7C91AD304AE001FDBEA /* SpeechSDK.framework */; };
		E7A9B7CB1AD304E1001FDBEA /* SpeechSDK.framework in Embed Frameworks */ = {isa = PBXBuildFile; fileRef = E7A9B7C91AD304AE001FDBEA /* SpeechSDK.framework */; settings = {ATTRIBUTES = (CodeSignOnCopy, RemoveHeadersOnCopy, ); }; };
		F9558A361AEBF18200A0A230 /* settings.plist in Resources */ = {isa = PBXBuildFile; fileRef = F9558A351AEBF18200A0A230 /* settings.plist */; };
/* End PBXBuildFile section */

/* Begin PBXCopyFilesBuildPhase section */
		E7A9B7B91ACF2890001FDBEA /* Embed Frameworks */ = {
			isa = PBXCopyFilesBuildPhase;
			buildActionMask = 12;
			dstPath = "";
			dstSubfolderSpec = 10;
			files = (
				E7A9B7CB1AD304E1001FDBEA /* SpeechSDK.framework in Embed Frameworks */,
			);
			name = "Embed Frameworks";
			runOnlyForDeploymentPostprocessing = 0;
		};
/* End PBXCopyFilesBuildPhase section */

/* Begin PBXFileReference section */
		744057E41AB005E900D4462E /* SpeechRecognitionServerExample.app */ = {isa = PBXFileReference; explicitFileType = wrapper.application; includeInIndex = 0; path = SpeechRecognitionServerExample.app; sourceTree = BUILT_PRODUCTS_DIR; };
		744057E81AB005E900D4462E /* Info.plist */ = {isa = PBXFileReference; lastKnownFileType = text.plist.xml; path = Info.plist; sourceTree = "<group>"; };
		744057E91AB005E900D4462E /* main.m */ = {isa = PBXFileReference; lastKnownFileType = sourcecode.c.objc; path = main.m; sourceTree = "<group>"; };
		744057EB1AB005E900D4462E /* AppDelegate.h */ = {isa = PBXFileReference; lastKnownFileType = sourcecode.c.h; path = AppDelegate.h; sourceTree = "<group>"; };
		744057EC1AB005E900D4462E /* AppDelegate.m */ = {isa = PBXFileReference; lastKnownFileType = sourcecode.c.objc; path = AppDelegate.m; sourceTree = "<group>"; };
		744057EE1AB005E900D4462E /* ViewController.h */ = {isa = PBXFileReference; lastKnownFileType = sourcecode.c.h; path = ViewController.h; sourceTree = "<group>"; };
		744057EF1AB005E900D4462E /* ViewController.mm */ = {isa = PBXFileReference; lastKnownFileType = sourcecode.cpp.objcpp; path = ViewController.mm; sourceTree = "<group>"; };
		744057F21AB005E900D4462E /* Base */ = {isa = PBXFileReference; lastKnownFileType = file.storyboard; name = Base; path = Base.lproj/Main.storyboard; sourceTree = "<group>"; };
		744057F41AB005E900D4462E /* Images.xcassets */ = {isa = PBXFileReference; lastKnownFileType = folder.assetcatalog; path = Images.xcassets; sourceTree = "<group>"; };
		744057F71AB005E900D4462E /* Base */ = {isa = PBXFileReference; lastKnownFileType = file.xib; name = Base; path = Base.lproj/LaunchScreen.xib; sourceTree = "<group>"; };
		745A3B4E1ABCBB4700F8191B /* batman.wav */ = {isa = PBXFileReference; lastKnownFileType = audio.wav; name = batman.wav; path = SpeechRecognitionServerExample/batman.wav; sourceTree = SOURCE_ROOT; };
		745A3B501ABCBB6000F8191B /* whatstheweatherlike.wav */ = {isa = PBXFileReference; lastKnownFileType = audio.wav; name = whatstheweatherlike.wav; path = SpeechRecognitionServerExample/whatstheweatherlike.wav; sourceTree = SOURCE_ROOT; };
		749D10BC1ABA248D00903F55 /* AVFoundation.framework */ = {isa = PBXFileReference; lastKnownFileType = wrapper.framework; name = AVFoundation.framework; path = System/Library/Frameworks/AVFoundation.framework; sourceTree = SDKROOT; };
		749D10BD1ABA248D00903F55 /* CoreAudio.framework */ = {isa = PBXFileReference; lastKnownFileType = wrapper.framework; name = CoreAudio.framework; path = System/Library/Frameworks/CoreAudio.framework; sourceTree = SDKROOT; };
		749D10C01ABA24A700903F55 /* AudioToolbox.framework */ = {isa = PBXFileReference; lastKnownFileType = wrapper.framework; name = AudioToolbox.framework; path = System/Library/Frameworks/AudioToolbox.framework; sourceTree = SDKROOT; };
		81F40A48623315EE76ECE864 /* Pods-SpeechRecognitionServerExample.debug.xcconfig */ = {isa = PBXFileReference; includeInIndex = 1; lastKnownFileType = text.xcconfig; name = "Pods-SpeechRecognitionServerExample.debug.xcconfig"; path = "Pods/Target Support Files/Pods-SpeechRecognitionServerExample/Pods-SpeechRecognitionServerExample.debug.xcconfig"; sourceTree = "<group>"; };
		C2ACD52F039238689119AEF7 /* Pods-SpeechRecognitionServerExample.release.xcconfig */ = {isa = PBXFileReference; includeInIndex = 1; lastKnownFileType = text.xcconfig; name = "Pods-SpeechRecognitionServerExample.release.xcconfig"; path = "Pods/Target Support Files/Pods-SpeechRecognitionServerExample/Pods-SpeechRecognitionServerExample.release.xcconfig"; sourceTree = "<group>"; };
		D3FADB0B1889AA1F252B0827 /* libPods-SpeechRecognitionServerExample.a */ = {isa = PBXFileReference; explicitFileType = archive.ar; includeInIndex = 0; path = "libPods-SpeechRecognitionServerExample.a"; sourceTree = BUILT_PRODUCTS_DIR; };
		D403D27D1D42380E0044788B /* bubble-final.jpeg */ = {isa = PBXFileReference; lastKnownFileType = image.jpeg; name = "bubble-final.jpeg"; path = "../../../../../Desktop/bubble-final.jpeg"; sourceTree = "<group>"; };
		D403D27F1D4239110044788B /* bubble-original.png */ = {isa = PBXFileReference; lastKnownFileType = image.png; name = "bubble-original.png"; path = "../../../../../Desktop/bubble-original.png"; sourceTree = "<group>"; };
		D403D2811D423A090044788B /* bubble-new.png */ = {isa = PBXFileReference; lastKnownFileType = image.png; name = "bubble-new.png"; path = "../../../../../Desktop/bubble-new.png"; sourceTree = "<group>"; };
		D403D2831D42450B0044788B /* bubble-medium.svg */ = {isa = PBXFileReference; fileEncoding = 4; lastKnownFileType = text.xml; name = "bubble-medium.svg"; path = "../../../../../Desktop/bubble-medium.svg"; sourceTree = "<group>"; };
		D403D2851D4245830044788B /* bubble-3d.png */ = {isa = PBXFileReference; lastKnownFileType = image.png; name = "bubble-3d.png"; path = "../../../../../Desktop/bubble-3d.png"; sourceTree = "<group>"; };
		D403D2871D441E780044788B /* TODO */ = {isa = PBXFileReference; fileEncoding = 4; lastKnownFileType = text; path = TODO; sourceTree = "<group>"; };
		D403D2891D442D030044788B /* ReadMe */ = {isa = PBXFileReference; fileEncoding = 4; lastKnownFileType = text; path = ReadMe; sourceTree = "<group>"; };
		D420127B1D3BA83F00ABD6A5 /* ImageIO.framework */ = {isa = PBXFileReference; lastKnownFileType = wrapper.framework; name = ImageIO.framework; path = System/Library/Frameworks/ImageIO.framework; sourceTree = SDKROOT; };
		D420127D1D3BA84600ABD6A5 /* QuartzCore.framework */ = {isa = PBXFileReference; lastKnownFileType = wrapper.framework; name = QuartzCore.framework; path = System/Library/Frameworks/QuartzCore.framework; sourceTree = SDKROOT; };
		D420127F1D3BA84F00ABD6A5 /* CoreMedia.framework */ = {isa = PBXFileReference; lastKnownFileType = wrapper.framework; name = CoreMedia.framework; path = System/Library/Frameworks/CoreMedia.framework; sourceTree = SDKROOT; };
		D42012811D3BA85500ABD6A5 /* CoreGraphics.framework */ = {isa = PBXFileReference; lastKnownFileType = wrapper.framework; name = CoreGraphics.framework; path = System/Library/Frameworks/CoreGraphics.framework; sourceTree = SDKROOT; };
		D42012831D3BA85D00ABD6A5 /* CoreImage.framework */ = {isa = PBXFileReference; lastKnownFileType = wrapper.framework; name = CoreImage.framework; path = System/Library/Frameworks/CoreImage.framework; sourceTree = SDKROOT; };
		D42012851D3BA86900ABD6A5 /* CoreVideo.framework */ = {isa = PBXFileReference; lastKnownFileType = wrapper.framework; name = CoreVideo.framework; path = System/Library/Frameworks/CoreVideo.framework; sourceTree = SDKROOT; };
		D42012871D3BA86F00ABD6A5 /* UIKit.framework */ = {isa = PBXFileReference; lastKnownFileType = wrapper.framework; name = UIKit.framework; path = System/Library/Frameworks/UIKit.framework; sourceTree = SDKROOT; };
		D42012891D3BA87700ABD6A5 /* Foundation.framework */ = {isa = PBXFileReference; lastKnownFileType = wrapper.framework; name = Foundation.framework; path = System/Library/Frameworks/Foundation.framework; sourceTree = SDKROOT; };
		D420128B1D3BAFD000ABD6A5 /* border.png */ = {isa = PBXFileReference; lastKnownFileType = image.png; name = border.png; path = "../../../../core-image/FaceDetectionPOC/FaceDetectionPOC/border.png"; sourceTree = "<group>"; };
		D420128D1D3BBBAB00ABD6A5 /* bubble.png */ = {isa = PBXFileReference; lastKnownFileType = image.png; name = bubble.png; path = ../../../../../Desktop/bubble.png; sourceTree = "<group>"; };
		D81A93241D3ADF4200420790 /* libFGTranslator.a */ = {isa = PBXFileReference; lastKnownFileType = archive.ar; name = libFGTranslator.a; path = "Pods/../build/Debug-iphoneos/FGTranslator/libFGTranslator.a"; sourceTree = "<group>"; };
		D81A93261D3ADF4A00420790 /* libAFNetworking.a */ = {isa = PBXFileReference; lastKnownFileType = archive.ar; name = libAFNetworking.a; path = "Pods/../build/Debug-iphoneos/AFNetworking/libAFNetworking.a"; sourceTree = "<group>"; };
		D81A93281D3ADF5000420790 /* libPINCache.a */ = {isa = PBXFileReference; lastKnownFileType = archive.ar; name = libPINCache.a; path = "Pods/../build/Debug-iphoneos/PINCache/libPINCache.a"; sourceTree = "<group>"; };
		D89D57571D3ADC9A00A517DA /* AFNetworking.framework */ = {isa = PBXFileReference; lastKnownFileType = wrapper.framework; name = AFNetworking.framework; path = "Pods/../build/Debug-iphoneos/AFNetworking/AFNetworking.framework"; sourceTree = "<group>"; };
		D89D57581D3ADC9A00A517DA /* DropdownMenu.framework */ = {isa = PBXFileReference; lastKnownFileType = wrapper.framework; name = DropdownMenu.framework; path = "Pods/../build/Debug-iphoneos/DropdownMenu/DropdownMenu.framework"; sourceTree = "<group>"; };
		D89D57591D3ADC9A00A517DA /* FGTranslator.framework */ = {isa = PBXFileReference; lastKnownFileType = wrapper.framework; name = FGTranslator.framework; path = "Pods/../build/Debug-iphoneos/FGTranslator/FGTranslator.framework"; sourceTree = "<group>"; };
		D89D575A1D3ADC9A00A517DA /* PINCache.framework */ = {isa = PBXFileReference; lastKnownFileType = wrapper.framework; name = PINCache.framework; path = "Pods/../build/Debug-iphoneos/PINCache/PINCache.framework"; sourceTree = "<group>"; };
		E7A9B7C91AD304AE001FDBEA /* SpeechSDK.framework */ = {isa = PBXFileReference; lastKnownFileType = wrapper.framework; name = SpeechSDK.framework; path = ../../$PLATFORM_NAME/SpeechSDK.framework; sourceTree = "<group>"; };
		F9558A351AEBF18200A0A230 /* settings.plist */ = {isa = PBXFileReference; fileEncoding = 4; lastKnownFileType = text.plist.xml; path = settings.plist; sourceTree = "<group>"; };
/* End PBXFileReference section */

/* Begin PBXFrameworksBuildPhase section */
		744057E11AB005E900D4462E /* Frameworks */ = {
			isa = PBXFrameworksBuildPhase;
			buildActionMask = 2147483647;
			files = (
				D420128A1D3BA87700ABD6A5 /* Foundation.framework in Frameworks */,
				D42012881D3BA86F00ABD6A5 /* UIKit.framework in Frameworks */,
				D42012861D3BA86900ABD6A5 /* CoreVideo.framework in Frameworks */,
				D42012841D3BA85D00ABD6A5 /* CoreImage.framework in Frameworks */,
				D42012821D3BA85500ABD6A5 /* CoreGraphics.framework in Frameworks */,
				D42012801D3BA84F00ABD6A5 /* CoreMedia.framework in Frameworks */,
				D420127E1D3BA84600ABD6A5 /* QuartzCore.framework in Frameworks */,
				D420127C1D3BA83F00ABD6A5 /* ImageIO.framework in Frameworks */,
				D81A93291D3ADF5000420790 /* libPINCache.a in Frameworks */,
				D81A93271D3ADF4A00420790 /* libAFNetworking.a in Frameworks */,
				D81A93251D3ADF4200420790 /* libFGTranslator.a in Frameworks */,
				E7A9B7CA1AD304AE001FDBEA /* SpeechSDK.framework in Frameworks */,
				E77379441ACB3E23000521FF /* AudioToolbox.framework in Frameworks */,
				749D10BE1ABA248D00903F55 /* AVFoundation.framework in Frameworks */,
				363F27ED2740F7C975B08D14 /* libPods-SpeechRecognitionServerExample.a in Frameworks */,
			);
			runOnlyForDeploymentPostprocessing = 0;
		};
/* End PBXFrameworksBuildPhase section */

/* Begin PBXGroup section */
		744057DB1AB005E900D4462E = {
			isa = PBXGroup;
			children = (
				F9558A351AEBF18200A0A230 /* settings.plist */,
				E7A9B7C91AD304AE001FDBEA /* SpeechSDK.framework */,
				749D10C01ABA24A700903F55 /* AudioToolbox.framework */,
				749D10BC1ABA248D00903F55 /* AVFoundation.framework */,
				749D10BD1ABA248D00903F55 /* CoreAudio.framework */,
				744057E61AB005E900D4462E /* SpeechRecognitionServerExample */,
				744057E51AB005E900D4462E /* Products */,
				C03060FDFC8616C14DE40761 /* Pods */,
				B96F72370966F0AED947F535 /* Frameworks */,
			);
			sourceTree = "<group>";
		};
		744057E51AB005E900D4462E /* Products */ = {
			isa = PBXGroup;
			children = (
				744057E41AB005E900D4462E /* SpeechRecognitionServerExample.app */,
			);
			name = Products;
			sourceTree = "<group>";
		};
		744057E61AB005E900D4462E /* SpeechRecognitionServerExample */ = {
			isa = PBXGroup;
			children = (
				D403D2851D4245830044788B /* bubble-3d.png */,
				D403D2831D42450B0044788B /* bubble-medium.svg */,
				D403D2811D423A090044788B /* bubble-new.png */,
				D403D27F1D4239110044788B /* bubble-original.png */,
				D403D27D1D42380E0044788B /* bubble-final.jpeg */,
				D420128D1D3BBBAB00ABD6A5 /* bubble.png */,
				D420128B1D3BAFD000ABD6A5 /* border.png */,
				745A3B4D1ABCBB0D00F8191B /* Assets */,
				744057EB1AB005E900D4462E /* AppDelegate.h */,
				744057EC1AB005E900D4462E /* AppDelegate.m */,
				744057EE1AB005E900D4462E /* ViewController.h */,
				744057EF1AB005E900D4462E /* ViewController.mm */,
				744057F11AB005E900D4462E /* Main.storyboard */,
				744057F41AB005E900D4462E /* Images.xcassets */,
				744057F61AB005E900D4462E /* LaunchScreen.xib */,
				744057E71AB005E900D4462E /* Supporting Files */,
				D403D2871D441E780044788B /* TODO */,
				D403D2891D442D030044788B /* ReadMe */,
			);
			path = SpeechRecognitionServerExample;
			sourceTree = "<group>";
		};
		744057E71AB005E900D4462E /* Supporting Files */ = {
			isa = PBXGroup;
			children = (
				744057E81AB005E900D4462E /* Info.plist */,
				744057E91AB005E900D4462E /* main.m */,
			);
			name = "Supporting Files";
			sourceTree = "<group>";
		};
		745A3B4D1ABCBB0D00F8191B /* Assets */ = {
			isa = PBXGroup;
			children = (
				745A3B501ABCBB6000F8191B /* whatstheweatherlike.wav */,
				745A3B4E1ABCBB4700F8191B /* batman.wav */,
			);
			name = Assets;
			path = assets;
			sourceTree = "<group>";
		};
		B96F72370966F0AED947F535 /* Frameworks */ = {
			isa = PBXGroup;
			children = (
				D42012891D3BA87700ABD6A5 /* Foundation.framework */,
				D42012871D3BA86F00ABD6A5 /* UIKit.framework */,
				D42012851D3BA86900ABD6A5 /* CoreVideo.framework */,
				D42012831D3BA85D00ABD6A5 /* CoreImage.framework */,
				D42012811D3BA85500ABD6A5 /* CoreGraphics.framework */,
				D420127F1D3BA84F00ABD6A5 /* CoreMedia.framework */,
				D420127D1D3BA84600ABD6A5 /* QuartzCore.framework */,
				D420127B1D3BA83F00ABD6A5 /* ImageIO.framework */,
				D81A93281D3ADF5000420790 /* libPINCache.a */,
				D81A93261D3ADF4A00420790 /* libAFNetworking.a */,
				D81A93241D3ADF4200420790 /* libFGTranslator.a */,
				D89D57571D3ADC9A00A517DA /* AFNetworking.framework */,
				D89D57581D3ADC9A00A517DA /* DropdownMenu.framework */,
				D89D57591D3ADC9A00A517DA /* FGTranslator.framework */,
				D89D575A1D3ADC9A00A517DA /* PINCache.framework */,
				D3FADB0B1889AA1F252B0827 /* libPods-SpeechRecognitionServerExample.a */,
			);
			name = Frameworks;
			sourceTree = "<group>";
		};
		C03060FDFC8616C14DE40761 /* Pods */ = {
			isa = PBXGroup;
			children = (
				81F40A48623315EE76ECE864 /* Pods-SpeechRecognitionServerExample.debug.xcconfig */,
				C2ACD52F039238689119AEF7 /* Pods-SpeechRecognitionServerExample.release.xcconfig */,
			);
			name = Pods;
			sourceTree = "<group>";
		};
/* End PBXGroup section */

/* Begin PBXNativeTarget section */
		744057E31AB005E900D4462E /* SpeechRecognitionServerExample */ = {
			isa = PBXNativeTarget;
			buildConfigurationList = 744058071AB005E900D4462E /* Build configuration list for PBXNativeTarget "SpeechRecognitionServerExample" */;
			buildPhases = (
				6AA104CB84DD1831788BF65F /* [CP] Check Pods Manifest.lock */,
				744057E01AB005E900D4462E /* Sources */,
				744057E11AB005E900D4462E /* Frameworks */,
				744057E21AB005E900D4462E /* Resources */,
				E7A9B7B91ACF2890001FDBEA /* Embed Frameworks */,
				582C364A8B2E203866A6F34E /* [CP] Embed Pods Frameworks */,
				816819387AAF0EBC73314605 /* [CP] Copy Pods Resources */,
			);
			buildRules = (
			);
			dependencies = (
			);
			name = SpeechRecognitionServerExample;
			productName = SpeechRecognitionServerExample;
			productReference = 744057E41AB005E900D4462E /* SpeechRecognitionServerExample.app */;
			productType = "com.apple.product-type.application";
		};
/* End PBXNativeTarget section */

/* Begin PBXProject section */
		744057DC1AB005E900D4462E /* Project object */ = {
			isa = PBXProject;
			attributes = {
				LastUpgradeCheck = 0610;
				TargetAttributes = {
					744057E31AB005E900D4462E = {
						CreatedOnToolsVersion = 6.1.1;
						DevelopmentTeam = 7238Y4BVFQ;
					};
				};
			};
			buildConfigurationList = 744057DF1AB005E900D4462E /* Build configuration list for PBXProject "SpeechRecognitionServerExample" */;
			compatibilityVersion = "Xcode 3.2";
			developmentRegion = English;
			hasScannedForEncodings = 0;
			knownRegions = (
				en,
				Base,
			);
			mainGroup = 744057DB1AB005E900D4462E;
			productRefGroup = 744057E51AB005E900D4462E /* Products */;
			projectDirPath = "";
			projectRoot = "";
			targets = (
				744057E31AB005E900D4462E /* SpeechRecognitionServerExample */,
			);
		};
/* End PBXProject section */

/* Begin PBXResourcesBuildPhase section */
		744057E21AB005E900D4462E /* Resources */ = {
			isa = PBXResourcesBuildPhase;
			buildActionMask = 2147483647;
			files = (
				D420128C1D3BAFD000ABD6A5 /* border.png in Resources */,
				D420128E1D3BBBAB00ABD6A5 /* bubble.png in Resources */,
				744057F31AB005E900D4462E /* Main.storyboard in Resources */,
				D403D2821D423A090044788B /* bubble-new.png in Resources */,
				D403D2881D441E780044788B /* TODO in Resources */,
				D403D28A1D442D030044788B /* ReadMe in Resources */,
				D403D27E1D42380E0044788B /* bubble-final.jpeg in Resources */,
				D403D2861D4245830044788B /* bubble-3d.png in Resources */,
				D403D2841D42450B0044788B /* bubble-medium.svg in Resources */,
				F9558A361AEBF18200A0A230 /* settings.plist in Resources */,
				745A3B4F1ABCBB4700F8191B /* batman.wav in Resources */,
				745A3B511ABCBB6000F8191B /* whatstheweatherlike.wav in Resources */,
				744057F81AB005E900D4462E /* LaunchScreen.xib in Resources */,
				D403D2801D4239110044788B /* bubble-original.png in Resources */,
				744057F51AB005E900D4462E /* Images.xcassets in Resources */,
			);
			runOnlyForDeploymentPostprocessing = 0;
		};
/* End PBXResourcesBuildPhase section */

/* Begin PBXShellScriptBuildPhase section */
		582C364A8B2E203866A6F34E /* [CP] Embed Pods Frameworks */ = {
			isa = PBXShellScriptBuildPhase;
			buildActionMask = 2147483647;
			files = (
			);
			inputPaths = (
			);
			name = "[CP] Embed Pods Frameworks";
			outputPaths = (
			);
			runOnlyForDeploymentPostprocessing = 0;
			shellPath = /bin/sh;
			shellScript = "\"${SRCROOT}/Pods/Target Support Files/Pods-SpeechRecognitionServerExample/Pods-SpeechRecognitionServerExample-frameworks.sh\"\n";
			showEnvVarsInLog = 0;
		};
		6AA104CB84DD1831788BF65F /* [CP] Check Pods Manifest.lock */ = {
			isa = PBXShellScriptBuildPhase;
			buildActionMask = 2147483647;
			files = (
			);
			inputPaths = (
			);
			name = "[CP] Check Pods Manifest.lock";
			outputPaths = (
			);
			runOnlyForDeploymentPostprocessing = 0;
			shellPath = /bin/sh;
			shellScript = "diff \"${PODS_ROOT}/../Podfile.lock\" \"${PODS_ROOT}/Manifest.lock\" > /dev/null\nif [[ $? != 0 ]] ; then\n    cat << EOM\nerror: The sandbox is not in sync with the Podfile.lock. Run 'pod install' or update your CocoaPods installation.\nEOM\n    exit 1\nfi\n";
			showEnvVarsInLog = 0;
		};
		816819387AAF0EBC73314605 /* [CP] Copy Pods Resources */ = {
			isa = PBXShellScriptBuildPhase;
			buildActionMask = 2147483647;
			files = (
			);
			inputPaths = (
			);
			name = "[CP] Copy Pods Resources";
			outputPaths = (
			);
			runOnlyForDeploymentPostprocessing = 0;
			shellPath = /bin/sh;
			shellScript = "\"${SRCROOT}/Pods/Target Support Files/Pods-SpeechRecognitionServerExample/Pods-SpeechRecognitionServerExample-resources.sh\"\n";
			showEnvVarsInLog = 0;
		};
/* End PBXShellScriptBuildPhase section */

/* Begin PBXSourcesBuildPhase section */
		744057E01AB005E900D4462E /* Sources */ = {
			isa = PBXSourcesBuildPhase;
			buildActionMask = 2147483647;
			files = (
				744057F01AB005E900D4462E /* ViewController.mm in Sources */,
				744057ED1AB005E900D4462E /* AppDelegate.m in Sources */,
				744057EA1AB005E900D4462E /* main.m in Sources */,
			);
			runOnlyForDeploymentPostprocessing = 0;
		};
/* End PBXSourcesBuildPhase section */

/* Begin PBXVariantGroup section */
		744057F11AB005E900D4462E /* Main.storyboard */ = {
			isa = PBXVariantGroup;
			children = (
				744057F21AB005E900D4462E /* Base */,
			);
			name = Main.storyboard;
			sourceTree = "<group>";
		};
		744057F61AB005E900D4462E /* LaunchScreen.xib */ = {
			isa = PBXVariantGroup;
			children = (
				744057F71AB005E900D4462E /* Base */,
			);
			name = LaunchScreen.xib;
			sourceTree = "<group>";
		};
/* End PBXVariantGroup section */

/* Begin XCBuildConfiguration section */
		744058051AB005E900D4462E /* Debug */ = {
			isa = XCBuildConfiguration;
			buildSettings = {
				ALWAYS_SEARCH_USER_PATHS = NO;
				CLANG_CXX_LANGUAGE_STANDARD = "gnu++0x";
				CLANG_CXX_LIBRARY = "libc++";
				CLANG_ENABLE_MODULES = YES;
				CLANG_ENABLE_OBJC_ARC = YES;
				CLANG_WARN_BOOL_CONVERSION = YES;
				CLANG_WARN_CONSTANT_CONVERSION = YES;
				CLANG_WARN_DIRECT_OBJC_ISA_USAGE = YES_ERROR;
				CLANG_WARN_EMPTY_BODY = YES;
				CLANG_WARN_ENUM_CONVERSION = YES;
				CLANG_WARN_INT_CONVERSION = YES;
				CLANG_WARN_OBJC_ROOT_CLASS = YES_ERROR;
				CLANG_WARN_UNREACHABLE_CODE = YES;
				CLANG_WARN__DUPLICATE_METHOD_MATCH = YES;
				"CODE_SIGN_IDENTITY[sdk=iphoneos*]" = "iPhone Developer";
				COPY_PHASE_STRIP = NO;
				ENABLE_STRICT_OBJC_MSGSEND = YES;
				GCC_C_LANGUAGE_STANDARD = gnu99;
				GCC_DYNAMIC_NO_PIC = NO;
				GCC_OPTIMIZATION_LEVEL = 0;
				GCC_PREPROCESSOR_DEFINITIONS = (
					"DEBUG=1",
					"$(inherited)",
				);
				GCC_SYMBOLS_PRIVATE_EXTERN = NO;
				GCC_WARN_64_TO_32_BIT_CONVERSION = YES;
				GCC_WARN_ABOUT_RETURN_TYPE = YES_ERROR;
				GCC_WARN_UNDECLARED_SELECTOR = YES;
				GCC_WARN_UNINITIALIZED_AUTOS = YES_AGGRESSIVE;
				GCC_WARN_UNUSED_FUNCTION = YES;
				GCC_WARN_UNUSED_VARIABLE = YES;
				IPHONEOS_DEPLOYMENT_TARGET = 8.1;
				MTL_ENABLE_DEBUG_INFO = YES;
				ONLY_ACTIVE_ARCH = YES;
				SDKROOT = iphoneos;
				TARGETED_DEVICE_FAMILY = "1,2";
			};
			name = Debug;
		};
		744058061AB005E900D4462E /* Release */ = {
			isa = XCBuildConfiguration;
			buildSettings = {
				ALWAYS_SEARCH_USER_PATHS = NO;
				CLANG_CXX_LANGUAGE_STANDARD = "gnu++0x";
				CLANG_CXX_LIBRARY = "libc++";
				CLANG_ENABLE_MODULES = YES;
				CLANG_ENABLE_OBJC_ARC = YES;
				CLANG_WARN_BOOL_CONVERSION = YES;
				CLANG_WARN_CONSTANT_CONVERSION = YES;
				CLANG_WARN_DIRECT_OBJC_ISA_USAGE = YES_ERROR;
				CLANG_WARN_EMPTY_BODY = YES;
				CLANG_WARN_ENUM_CONVERSION = YES;
				CLANG_WARN_INT_CONVERSION = YES;
				CLANG_WARN_OBJC_ROOT_CLASS = YES_ERROR;
				CLANG_WARN_UNREACHABLE_CODE = YES;
				CLANG_WARN__DUPLICATE_METHOD_MATCH = YES;
				"CODE_SIGN_IDENTITY[sdk=iphoneos*]" = "iPhone Developer";
				COPY_PHASE_STRIP = YES;
				ENABLE_NS_ASSERTIONS = NO;
				ENABLE_STRICT_OBJC_MSGSEND = YES;
				GCC_C_LANGUAGE_STANDARD = gnu99;
				GCC_WARN_64_TO_32_BIT_CONVERSION = YES;
				GCC_WARN_ABOUT_RETURN_TYPE = YES_ERROR;
				GCC_WARN_UNDECLARED_SELECTOR = YES;
				GCC_WARN_UNINITIALIZED_AUTOS = YES_AGGRESSIVE;
				GCC_WARN_UNUSED_FUNCTION = YES;
				GCC_WARN_UNUSED_VARIABLE = YES;
				IPHONEOS_DEPLOYMENT_TARGET = 8.1;
				MTL_ENABLE_DEBUG_INFO = NO;
				SDKROOT = iphoneos;
				TARGETED_DEVICE_FAMILY = "1,2";
				VALIDATE_PRODUCT = YES;
			};
			name = Release;
		};
		744058081AB005E900D4462E /* Debug */ = {
			isa = XCBuildConfiguration;
			baseConfigurationReference = 81F40A48623315EE76ECE864 /* Pods-SpeechRecognitionServerExample.debug.xcconfig */;
			buildSettings = {
				ASSETCATALOG_COMPILER_APPICON_NAME = AppIcon;
				CLANG_ENABLE_MODULES = YES;
				CODE_SIGN_IDENTITY = "iPhone Developer";
				"CODE_SIGN_IDENTITY[sdk=iphoneos*]" = "iPhone Developer";
				ENABLE_BITCODE = NO;
				FRAMEWORK_SEARCH_PATHS = (
					"../../$PLATFORM_NAME/**",
					"$(PROJECT_DIR)/build/Debug-iphoneos/FGTranslator",
					"$(PROJECT_DIR)/build/Debug-iphoneos/AFNetworking",
					"$(PROJECT_DIR)/build/Debug-iphoneos/PINCache",
					"$(PROJECT_DIR)/build/Debug-iphoneos/DropdownMenu",
				);
				HEADER_SEARCH_PATHS = "$(inherited)";
				INFOPLIST_FILE = SpeechRecognitionServerExample/Info.plist;
				IPHONEOS_DEPLOYMENT_TARGET = 8.1;
				LD_RUNPATH_SEARCH_PATHS = "$(inherited) @executable_path/Frameworks";
				LIBRARY_SEARCH_PATHS = (
					"$(inherited)",
					"$(PROJECT_DIR)/build/Debug-iphoneos/FGTranslator",
					"$(PROJECT_DIR)/build/Debug-iphoneos/AFNetworking",
					"$(PROJECT_DIR)/build/Debug-iphoneos/PINCache",
				);
				PRODUCT_BUNDLE_IDENTIFIER = "com.abk.speak-ar";
				PRODUCT_NAME = "$(TARGET_NAME)";
				PROVISIONING_PROFILE = "";
				SWIFT_OBJC_BRIDGING_HEADER = "SpeechRecognitionServerExample/SpeechRecognitionServerExample-Bridging-Header.h";
				SWIFT_OPTIMIZATION_LEVEL = "-Onone";
			};
			name = Debug;
		};
		744058091AB005E900D4462E /* Release */ = {
			isa = XCBuildConfiguration;
			baseConfigurationReference = C2ACD52F039238689119AEF7 /* Pods-SpeechRecognitionServerExample.release.xcconfig */;
			buildSettings = {
				ASSETCATALOG_COMPILER_APPICON_NAME = AppIcon;
				CLANG_ENABLE_MODULES = YES;
				CODE_SIGN_IDENTITY = "iPhone Developer";
				"CODE_SIGN_IDENTITY[sdk=iphoneos*]" = "iPhone Developer";
				ENABLE_BITCODE = NO;
				FRAMEWORK_SEARCH_PATHS = (
					"../../$PLATFORM_NAME/**",
					"$(PROJECT_DIR)/build/Debug-iphoneos/FGTranslator",
					"$(PROJECT_DIR)/build/Debug-iphoneos/AFNetworking",
					"$(PROJECT_DIR)/build/Debug-iphoneos/PINCache",
					"$(PROJECT_DIR)/build/Debug-iphoneos/DropdownMenu",
				);
				HEADER_SEARCH_PATHS = "$(inherited)";
				INFOPLIST_FILE = SpeechRecognitionServerExample/Info.plist;
				IPHONEOS_DEPLOYMENT_TARGET = 8.1;
				LD_RUNPATH_SEARCH_PATHS = "$(inherited) @executable_path/Frameworks";
				LIBRARY_SEARCH_PATHS = (
					"$(inherited)",
					"$(PROJECT_DIR)/build/Debug-iphoneos/FGTranslator",
					"$(PROJECT_DIR)/build/Debug-iphoneos/AFNetworking",
					"$(PROJECT_DIR)/build/Debug-iphoneos/PINCache",
				);
				PRODUCT_BUNDLE_IDENTIFIER = "com.abk.speak-ar";
				PRODUCT_NAME = "$(TARGET_NAME)";
				PROVISIONING_PROFILE = "";
				SWIFT_OBJC_BRIDGING_HEADER = "SpeechRecognitionServerExample/SpeechRecognitionServerExample-Bridging-Header.h";
			};
			name = Release;
		};
/* End XCBuildConfiguration section */

/* Begin XCConfigurationList section */
		744057DF1AB005E900D4462E /* Build configuration list for PBXProject "SpeechRecognitionServerExample" */ = {
			isa = XCConfigurationList;
			buildConfigurations = (
				744058051AB005E900D4462E /* Debug */,
				744058061AB005E900D4462E /* Release */,
			);
			defaultConfigurationIsVisible = 0;
			defaultConfigurationName = Release;
		};
		744058071AB005E900D4462E /* Build configuration list for PBXNativeTarget "SpeechRecognitionServerExample" */ = {
			isa = XCConfigurationList;
			buildConfigurations = (
				744058081AB005E900D4462E /* Debug */,
				744058091AB005E900D4462E /* Release */,
			);
			defaultConfigurationIsVisible = 0;
			defaultConfigurationName = Release;
		};
/* End XCConfigurationList section */
	};
	rootObject = 744057DC1AB005E900D4462E /* Project object */;
}
