// !$*UTF8*$!
{
	archiveVersion = 1;
	classes = {
	};
	objectVersion = 46;
	objects = {

/* Begin PBXBuildFile section */
		D42BDB911D3AEA2400E0D4BC /* opencv2.framework in Frameworks */ = {isa = PBXBuildFile; fileRef = D42BDB901D3AEA2400E0D4BC /* opencv2.framework */; };
		D46507031D3AC3520024A424 /* main.m in Sources */ = {isa = PBXBuildFile; fileRef = D46507021D3AC3520024A424 /* main.m */; };
		D46507061D3AC3520024A424 /* AppDelegate.m in Sources */ = {isa = PBXBuildFile; fileRef = D46507051D3AC3520024A424 /* AppDelegate.m */; };
		D46507091D3AC3520024A424 /* ViewController.m in Sources */ = {isa = PBXBuildFile; fileRef = D46507081D3AC3520024A424 /* ViewController.m */; };
		D465070C1D3AC3520024A424 /* Main.storyboard in Resources */ = {isa = PBXBuildFile; fileRef = D465070A1D3AC3520024A424 /* Main.storyboard */; };
		D465070E1D3AC3520024A424 /* Assets.xcassets in Resources */ = {isa = PBXBuildFile; fileRef = D465070D1D3AC3520024A424 /* Assets.xcassets */; };
		D46507111D3AC3520024A424 /* LaunchScreen.storyboard in Resources */ = {isa = PBXBuildFile; fileRef = D465070F1D3AC3520024A424 /* LaunchScreen.storyboard */; };
/* End PBXBuildFile section */

/* Begin PBXFileReference section */
		D42BDB901D3AEA2400E0D4BC /* opencv2.framework */ = {isa = PBXFileReference; lastKnownFileType = wrapper.framework; name = opencv2.framework; path = ../../../Downloads/opencv2.framework; sourceTree = "<group>"; };
		D46506FE1D3AC3520024A424 /* vid2.app */ = {isa = PBXFileReference; explicitFileType = wrapper.application; includeInIndex = 0; path = vid2.app; sourceTree = BUILT_PRODUCTS_DIR; };
		D46507021D3AC3520024A424 /* main.m */ = {isa = PBXFileReference; lastKnownFileType = sourcecode.c.objc; path = main.m; sourceTree = "<group>"; };
		D46507041D3AC3520024A424 /* AppDelegate.h */ = {isa = PBXFileReference; lastKnownFileType = sourcecode.c.h; path = AppDelegate.h; sourceTree = "<group>"; };
		D46507051D3AC3520024A424 /* AppDelegate.m */ = {isa = PBXFileReference; lastKnownFileType = sourcecode.c.objc; path = AppDelegate.m; sourceTree = "<group>"; };
		D46507071D3AC3520024A424 /* ViewController.h */ = {isa = PBXFileReference; lastKnownFileType = sourcecode.c.h; path = ViewController.h; sourceTree = "<group>"; };
		D46507081D3AC3520024A424 /* ViewController.m */ = {isa = PBXFileReference; lastKnownFileType = sourcecode.c.objc; path = ViewController.m; sourceTree = "<group>"; };
		D465070B1D3AC3520024A424 /* Base */ = {isa = PBXFileReference; lastKnownFileType = file.storyboard; name = Base; path = Base.lproj/Main.storyboard; sourceTree = "<group>"; };
		D465070D1D3AC3520024A424 /* Assets.xcassets */ = {isa = PBXFileReference; lastKnownFileType = folder.assetcatalog; path = Assets.xcassets; sourceTree = "<group>"; };
		D46507101D3AC3520024A424 /* Base */ = {isa = PBXFileReference; lastKnownFileType = file.storyboard; name = Base; path = Base.lproj/LaunchScreen.storyboard; sourceTree = "<group>"; };
		D46507121D3AC3520024A424 /* Info.plist */ = {isa = PBXFileReference; lastKnownFileType = text.plist.xml; path = Info.plist; sourceTree = "<group>"; };
/* End PBXFileReference section */

/* Begin PBXFrameworksBuildPhase section */
		D46506FB1D3AC3520024A424 /* Frameworks */ = {
			isa = PBXFrameworksBuildPhase;
			buildActionMask = 2147483647;
			files = (
				D42BDB911D3AEA2400E0D4BC /* opencv2.framework in Frameworks */,
			);
			runOnlyForDeploymentPostprocessing = 0;
		};
/* End PBXFrameworksBuildPhase section */

/* Begin PBXGroup section */
		D46506F51D3AC3520024A424 = {
			isa = PBXGroup;
			children = (
				D46507001D3AC3520024A424 /* vid2 */,
				D46506FF1D3AC3520024A424 /* Products */,
			);
			sourceTree = "<group>";
		};
		D46506FF1D3AC3520024A424 /* Products */ = {
			isa = PBXGroup;
			children = (
				D46506FE1D3AC3520024A424 /* vid2.app */,
			);
			name = Products;
			sourceTree = "<group>";
		};
		D46507001D3AC3520024A424 /* vid2 */ = {
			isa = PBXGroup;
			children = (
				D46507041D3AC3520024A424 /* AppDelegate.h */,
				D46507051D3AC3520024A424 /* AppDelegate.m */,
				D46507071D3AC3520024A424 /* ViewController.h */,
				D42BDB901D3AEA2400E0D4BC /* opencv2.framework */,
				D46507081D3AC3520024A424 /* ViewController.m */,
				D465070A1D3AC3520024A424 /* Main.storyboard */,
				D465070D1D3AC3520024A424 /* Assets.xcassets */,
				D465070F1D3AC3520024A424 /* LaunchScreen.storyboard */,
				D46507121D3AC3520024A424 /* Info.plist */,
				D46507011D3AC3520024A424 /* Supporting Files */,
			);
			path = vid2;
			sourceTree = "<group>";
		};
		D46507011D3AC3520024A424 /* Supporting Files */ = {
			isa = PBXGroup;
			children = (
				D46507021D3AC3520024A424 /* main.m */,
			);
			name = "Supporting Files";
			sourceTree = "<group>";
		};
/* End PBXGroup section */

/* Begin PBXNativeTarget section */
		D46506FD1D3AC3520024A424 /* vid2 */ = {
			isa = PBXNativeTarget;
			buildConfigurationList = D46507151D3AC3520024A424 /* Build configuration list for PBXNativeTarget "vid2" */;
			buildPhases = (
				D46506FA1D3AC3520024A424 /* Sources */,
				D46506FB1D3AC3520024A424 /* Frameworks */,
				D46506FC1D3AC3520024A424 /* Resources */,
			);
			buildRules = (
			);
			dependencies = (
			);
			name = vid2;
			productName = vid2;
			productReference = D46506FE1D3AC3520024A424 /* vid2.app */;
			productType = "com.apple.product-type.application";
		};
/* End PBXNativeTarget section */

/* Begin PBXProject section */
		D46506F61D3AC3520024A424 /* Project object */ = {
			isa = PBXProject;
			attributes = {
				LastUpgradeCheck = 0730;
				ORGANIZATIONNAME = Efe;
				TargetAttributes = {
					D46506FD1D3AC3520024A424 = {
						CreatedOnToolsVersion = 7.3.1;
						DevelopmentTeam = 94HBD439E3;
					};
				};
			};
			buildConfigurationList = D46506F91D3AC3520024A424 /* Build configuration list for PBXProject "vid2" */;
			compatibilityVersion = "Xcode 3.2";
			developmentRegion = English;
			hasScannedForEncodings = 0;
			knownRegions = (
				en,
				Base,
			);
			mainGroup = D46506F51D3AC3520024A424;
			productRefGroup = D46506FF1D3AC3520024A424 /* Products */;
			projectDirPath = "";
			projectRoot = "";
			targets = (
				D46506FD1D3AC3520024A424 /* vid2 */,
			);
		};
/* End PBXProject section */

/* Begin PBXResourcesBuildPhase section */
		D46506FC1D3AC3520024A424 /* Resources */ = {
			isa = PBXResourcesBuildPhase;
			buildActionMask = 2147483647;
			files = (
				D46507111D3AC3520024A424 /* LaunchScreen.storyboard in Resources */,
				D465070E1D3AC3520024A424 /* Assets.xcassets in Resources */,
				D465070C1D3AC3520024A424 /* Main.storyboard in Resources */,
			);
			runOnlyForDeploymentPostprocessing = 0;
		};
/* End PBXResourcesBuildPhase section */

/* Begin PBXSourcesBuildPhase section */
		D46506FA1D3AC3520024A424 /* Sources */ = {
			isa = PBXSourcesBuildPhase;
			buildActionMask = 2147483647;
			files = (
				D46507091D3AC3520024A424 /* ViewController.m in Sources */,
				D46507061D3AC3520024A424 /* AppDelegate.m in Sources */,
				D46507031D3AC3520024A424 /* main.m in Sources */,
			);
			runOnlyForDeploymentPostprocessing = 0;
		};
/* End PBXSourcesBuildPhase section */

/* Begin PBXVariantGroup section */
		D465070A1D3AC3520024A424 /* Main.storyboard */ = {
			isa = PBXVariantGroup;
			children = (
				D465070B1D3AC3520024A424 /* Base */,
			);
			name = Main.storyboard;
			sourceTree = "<group>";
		};
		D465070F1D3AC3520024A424 /* LaunchScreen.storyboard */ = {
			isa = PBXVariantGroup;
			children = (
				D46507101D3AC3520024A424 /* Base */,
			);
			name = LaunchScreen.storyboard;
			sourceTree = "<group>";
		};
/* End PBXVariantGroup section */

/* Begin XCBuildConfiguration section */
		D46507131D3AC3520024A424 /* Debug */ = {
			isa = XCBuildConfiguration;
			buildSettings = {
				ALWAYS_SEARCH_USER_PATHS = NO;
				CLANG_ANALYZER_NONNULL = YES;
				CLANG_CXX_LANGUAGE_STANDARD = "gnu++0x";
				CLANG_CXX_LIBRARY = "libc++";
				CLANG_ENABLE_MODULES = YES;
				CLANG_ENABLE_OBJC_ARC = YES;
				CLANG_WARN_BOOL_CONVERSION = YES;
				CLANG_WARN_CONSTANT_CONVERSION = YES;
				CLANG_WARN_DIRECT_OBJC_ISA_USAGE = YES_ERROR;
				CLANG_WARN_EMPTY_BODY = YES;
				CLANG_WARN_ENUM_CONVERSION = YES;
				CLANG_WARN_INT_CONVERSION = YES;
				CLANG_WARN_OBJC_ROOT_CLASS = YES_ERROR;
				CLANG_WARN_UNREACHABLE_CODE = YES;
				CLANG_WARN__DUPLICATE_METHOD_MATCH = YES;
				"CODE_SIGN_IDENTITY[sdk=iphoneos*]" = "iPhone Developer";
				COPY_PHASE_STRIP = NO;
				DEBUG_INFORMATION_FORMAT = dwarf;
				ENABLE_STRICT_OBJC_MSGSEND = YES;
				ENABLE_TESTABILITY = YES;
				GCC_C_LANGUAGE_STANDARD = gnu99;
				GCC_DYNAMIC_NO_PIC = NO;
				GCC_NO_COMMON_BLOCKS = YES;
				GCC_OPTIMIZATION_LEVEL = 0;
				GCC_PREPROCESSOR_DEFINITIONS = (
					"DEBUG=1",
					"$(inherited)",
				);
				GCC_WARN_64_TO_32_BIT_CONVERSION = YES;
				GCC_WARN_ABOUT_RETURN_TYPE = YES_ERROR;
				GCC_WARN_UNDECLARED_SELECTOR = YES;
				GCC_WARN_UNINITIALIZED_AUTOS = YES_AGGRESSIVE;
				GCC_WARN_UNUSED_FUNCTION = YES;
				GCC_WARN_UNUSED_VARIABLE = YES;
				IPHONEOS_DEPLOYMENT_TARGET = 9.3;
				MTL_ENABLE_DEBUG_INFO = YES;
				ONLY_ACTIVE_ARCH = YES;
				SDKROOT = iphoneos;
				TARGETED_DEVICE_FAMILY = "1,2";
			};
			name = Debug;
		};
		D46507141D3AC3520024A424 /* Release */ = {
			isa = XCBuildConfiguration;
			buildSettings = {
				ALWAYS_SEARCH_USER_PATHS = NO;
				CLANG_ANALYZER_NONNULL = YES;
				CLANG_CXX_LANGUAGE_STANDARD = "gnu++0x";
				CLANG_CXX_LIBRARY = "libc++";
				CLANG_ENABLE_MODULES = YES;
				CLANG_ENABLE_OBJC_ARC = YES;
				CLANG_WARN_BOOL_CONVERSION = YES;
				CLANG_WARN_CONSTANT_CONVERSION = YES;
				CLANG_WARN_DIRECT_OBJC_ISA_USAGE = YES_ERROR;
				CLANG_WARN_EMPTY_BODY = YES;
				CLANG_WARN_ENUM_CONVERSION = YES;
				CLANG_WARN_INT_CONVERSION = YES;
				CLANG_WARN_OBJC_ROOT_CLASS = YES_ERROR;
				CLANG_WARN_UNREACHABLE_CODE = YES;
				CLANG_WARN__DUPLICATE_METHOD_MATCH = YES;
				"CODE_SIGN_IDENTITY[sdk=iphoneos*]" = "iPhone Developer";
				COPY_PHASE_STRIP = NO;
				DEBUG_INFORMATION_FORMAT = "dwarf-with-dsym";
				ENABLE_NS_ASSERTIONS = NO;
				ENABLE_STRICT_OBJC_MSGSEND = YES;
				GCC_C_LANGUAGE_STANDARD = gnu99;
				GCC_NO_COMMON_BLOCKS = YES;
				GCC_WARN_64_TO_32_BIT_CONVERSION = YES;
				GCC_WARN_ABOUT_RETURN_TYPE = YES_ERROR;
				GCC_WARN_UNDECLARED_SELECTOR = YES;
				GCC_WARN_UNINITIALIZED_AUTOS = YES_AGGRESSIVE;
				GCC_WARN_UNUSED_FUNCTION = YES;
				GCC_WARN_UNUSED_VARIABLE = YES;
				IPHONEOS_DEPLOYMENT_TARGET = 9.3;
				MTL_ENABLE_DEBUG_INFO = NO;
				SDKROOT = iphoneos;
				TARGETED_DEVICE_FAMILY = "1,2";
				VALIDATE_PRODUCT = YES;
			};
			name = Release;
		};
		D46507161D3AC3520024A424 /* Debug */ = {
			isa = XCBuildConfiguration;
			buildSettings = {
				ASSETCATALOG_COMPILER_APPICON_NAME = AppIcon;
				CODE_SIGN_IDENTITY = "iPhone Developer";
				"CODE_SIGN_IDENTITY[sdk=iphoneos*]" = "iPhone Developer";
				INFOPLIST_FILE = vid2/Info.plist;
				LD_RUNPATH_SEARCH_PATHS = "$(inherited) @executable_path/Frameworks";
				PRODUCT_BUNDLE_IDENTIFIER = com.akengineering.vid2;
				PRODUCT_NAME = "$(TARGET_NAME)";
				PROVISIONING_PROFILE = "";
			};
			name = Debug;
		};
		D46507171D3AC3520024A424 /* Release */ = {
			isa = XCBuildConfiguration;
			buildSettings = {
				ASSETCATALOG_COMPILER_APPICON_NAME = AppIcon;
				CODE_SIGN_IDENTITY = "iPhone Developer";
				"CODE_SIGN_IDENTITY[sdk=iphoneos*]" = "iPhone Developer";
				INFOPLIST_FILE = vid2/Info.plist;
				LD_RUNPATH_SEARCH_PATHS = "$(inherited) @executable_path/Frameworks";
				PRODUCT_BUNDLE_IDENTIFIER = com.akengineering.vid2;
				PRODUCT_NAME = "$(TARGET_NAME)";
				PROVISIONING_PROFILE = "";
			};
			name = Release;
		};
/* End XCBuildConfiguration section */

/* Begin XCConfigurationList section */
		D46506F91D3AC3520024A424 /* Build configuration list for PBXProject "vid2" */ = {
			isa = XCConfigurationList;
			buildConfigurations = (
				D46507131D3AC3520024A424 /* Debug */,
				D46507141D3AC3520024A424 /* Release */,
			);
			defaultConfigurationIsVisible = 0;
			defaultConfigurationName = Release;
		};
		D46507151D3AC3520024A424 /* Build configuration list for PBXNativeTarget "vid2" */ = {
			isa = XCConfigurationList;
			buildConfigurations = (
				D46507161D3AC3520024A424 /* Debug */,
				D46507171D3AC3520024A424 /* Release */,
			);
			defaultConfigurationIsVisible = 0;
			defaultConfigurationName = Release;
		};
/* End XCConfigurationList section */
	};
	rootObject = D46506F61D3AC3520024A424 /* Project object */;
}
